// !$*UTF8*$!
{
	archiveVersion = 1;
	classes = {
	};
	objectVersion = 50;
	objects = {

/* Begin PBXBuildFile section */
		D0DB26FC2560387200504E68 /* MarvelCharacters_SwiftUIApp.swift in Sources */ = {isa = PBXBuildFile; fileRef = D0DB26FB2560387200504E68 /* MarvelCharacters_SwiftUIApp.swift */; };
		D0DB26FE2560387200504E68 /* ContentView.swift in Sources */ = {isa = PBXBuildFile; fileRef = D0DB26FD2560387200504E68 /* ContentView.swift */; };
		D0DB27002560387200504E68 /* Assets.xcassets in Resources */ = {isa = PBXBuildFile; fileRef = D0DB26FF2560387200504E68 /* Assets.xcassets */; };
		D0DB27032560387200504E68 /* Preview Assets.xcassets in Resources */ = {isa = PBXBuildFile; fileRef = D0DB27022560387200504E68 /* Preview Assets.xcassets */; };
		D0DB2711256047E800504E68 /* HeroView.swift in Sources */ = {isa = PBXBuildFile; fileRef = D0DB2710256047E800504E68 /* HeroView.swift */; };
		D0DB27152560484200504E68 /* BackGroundView.swift in Sources */ = {isa = PBXBuildFile; fileRef = D0DB27142560484200504E68 /* BackGroundView.swift */; };
		D0DB271A25604BB700504E68 /* HeroModel.swift in Sources */ = {isa = PBXBuildFile; fileRef = D0DB271925604BB700504E68 /* HeroModel.swift */; };
		D0DB271E25604E6600504E68 /* HeroDetailView.swift in Sources */ = {isa = PBXBuildFile; fileRef = D0DB271D25604E6600504E68 /* HeroDetailView.swift */; };
		D0DB272125604FA800504E68 /* ViewModel.swift in Sources */ = {isa = PBXBuildFile; fileRef = D0DB272025604FA800504E68 /* ViewModel.swift */; };
/* End PBXBuildFile section */

/* Begin PBXFileReference section */
		D0DB26F82560387200504E68 /* MarvelCharacters_SwiftUI.app */ = {isa = PBXFileReference; explicitFileType = wrapper.application; includeInIndex = 0; path = MarvelCharacters_SwiftUI.app; sourceTree = BUILT_PRODUCTS_DIR; };
		D0DB26FB2560387200504E68 /* MarvelCharacters_SwiftUIApp.swift */ = {isa = PBXFileReference; lastKnownFileType = sourcecode.swift; path = MarvelCharacters_SwiftUIApp.swift; sourceTree = "<group>"; };
		D0DB26FD2560387200504E68 /* ContentView.swift */ = {isa = PBXFileReference; lastKnownFileType = sourcecode.swift; path = ContentView.swift; sourceTree = "<group>"; };
		D0DB26FF2560387200504E68 /* Assets.xcassets */ = {isa = PBXFileReference; lastKnownFileType = folder.assetcatalog; path = Assets.xcassets; sourceTree = "<group>"; };
		D0DB27022560387200504E68 /* Preview Assets.xcassets */ = {isa = PBXFileReference; lastKnownFileType = folder.assetcatalog; path = "Preview Assets.xcassets"; sourceTree = "<group>"; };
		D0DB27042560387200504E68 /* Info.plist */ = {isa = PBXFileReference; lastKnownFileType = text.plist.xml; path = Info.plist; sourceTree = "<group>"; };
		D0DB2710256047E800504E68 /* HeroView.swift */ = {isa = PBXFileReference; lastKnownFileType = sourcecode.swift; path = HeroView.swift; sourceTree = "<group>"; };
		D0DB27142560484200504E68 /* BackGroundView.swift */ = {isa = PBXFileReference; lastKnownFileType = sourcecode.swift; path = BackGroundView.swift; sourceTree = "<group>"; };
		D0DB271925604BB700504E68 /* HeroModel.swift */ = {isa = PBXFileReference; lastKnownFileType = sourcecode.swift; path = HeroModel.swift; sourceTree = "<group>"; };
		D0DB271D25604E6600504E68 /* HeroDetailView.swift */ = {isa = PBXFileReference; lastKnownFileType = sourcecode.swift; path = HeroDetailView.swift; sourceTree = "<group>"; };
		D0DB272025604FA800504E68 /* ViewModel.swift */ = {isa = PBXFileReference; lastKnownFileType = sourcecode.swift; path = ViewModel.swift; sourceTree = "<group>"; };
/* End PBXFileReference section */

/* Begin PBXFrameworksBuildPhase section */
		D0DB26F52560387200504E68 /* Frameworks */ = {
			isa = PBXFrameworksBuildPhase;
			buildActionMask = 2147483647;
			files = (
			);
			runOnlyForDeploymentPostprocessing = 0;
		};
/* End PBXFrameworksBuildPhase section */

/* Begin PBXGroup section */
		D0DB26EF2560387200504E68 = {
			isa = PBXGroup;
			children = (
				D0DB26FA2560387200504E68 /* MarvelCharacters_SwiftUI */,
				D0DB26F92560387200504E68 /* Products */,
			);
			sourceTree = "<group>";
		};
		D0DB26F92560387200504E68 /* Products */ = {
			isa = PBXGroup;
			children = (
				D0DB26F82560387200504E68 /* MarvelCharacters_SwiftUI.app */,
			);
			name = Products;
			sourceTree = "<group>";
		};
		D0DB26FA2560387200504E68 /* MarvelCharacters_SwiftUI */ = {
			isa = PBXGroup;
			children = (
				D0DB26FB2560387200504E68 /* MarvelCharacters_SwiftUIApp.swift */,
				D0DB26FD2560387200504E68 /* ContentView.swift */,
				D0DB2710256047E800504E68 /* HeroView.swift */,
				D0DB271D25604E6600504E68 /* HeroDetailView.swift */,
				D0DB27142560484200504E68 /* BackGroundView.swift */,
				D0DB271925604BB700504E68 /* HeroModel.swift */,
				D0DB272025604FA800504E68 /* ViewModel.swift */,
				D0DB26FF2560387200504E68 /* Assets.xcassets */,
				D0DB27042560387200504E68 /* Info.plist */,
				D0DB27012560387200504E68 /* Preview Content */,
			);
			path = MarvelCharacters_SwiftUI;
			sourceTree = "<group>";
		};
		D0DB27012560387200504E68 /* Preview Content */ = {
			isa = PBXGroup;
			children = (
				D0DB27022560387200504E68 /* Preview Assets.xcassets */,
			);
			path = "Preview Content";
			sourceTree = "<group>";
		};
/* End PBXGroup section */

/* Begin PBXNativeTarget section */
		D0DB26F72560387200504E68 /* MarvelCharacters_SwiftUI */ = {
			isa = PBXNativeTarget;
			buildConfigurationList = D0DB27072560387200504E68 /* Build configuration list for PBXNativeTarget "MarvelCharacters_SwiftUI" */;
			buildPhases = (
				D0DB26F42560387200504E68 /* Sources */,
				D0DB26F52560387200504E68 /* Frameworks */,
				D0DB26F62560387200504E68 /* Resources */,
			);
			buildRules = (
			);
			dependencies = (
			);
			name = MarvelCharacters_SwiftUI;
			productName = MarvelCharacters_SwiftUI;
			productReference = D0DB26F82560387200504E68 /* MarvelCharacters_SwiftUI.app */;
			productType = "com.apple.product-type.application";
		};
/* End PBXNativeTarget section */

/* Begin PBXProject section */
		D0DB26F02560387200504E68 /* Project object */ = {
			isa = PBXProject;
			attributes = {
				LastSwiftUpdateCheck = 1220;
				LastUpgradeCheck = 1220;
				TargetAttributes = {
					D0DB26F72560387200504E68 = {
						CreatedOnToolsVersion = 12.2;
					};
				};
			};
			buildConfigurationList = D0DB26F32560387200504E68 /* Build configuration list for PBXProject "MarvelCharacters_SwiftUI" */;
			compatibilityVersion = "Xcode 9.3";
			developmentRegion = en;
			hasScannedForEncodings = 0;
			knownRegions = (
				en,
				Base,
			);
			mainGroup = D0DB26EF2560387200504E68;
			productRefGroup = D0DB26F92560387200504E68 /* Products */;
			projectDirPath = "";
			projectRoot = "";
			targets = (
				D0DB26F72560387200504E68 /* MarvelCharacters_SwiftUI */,
			);
		};
/* End PBXProject section */

/* Begin PBXResourcesBuildPhase section */
		D0DB26F62560387200504E68 /* Resources */ = {
			isa = PBXResourcesBuildPhase;
			buildActionMask = 2147483647;
			files = (
				D0DB27032560387200504E68 /* Preview Assets.xcassets in Resources */,
				D0DB27002560387200504E68 /* Assets.xcassets in Resources */,
			);
			runOnlyForDeploymentPostprocessing = 0;
		};
/* End PBXResourcesBuildPhase section */

/* Begin PBXSourcesBuildPhase section */
		D0DB26F42560387200504E68 /* Sources */ = {
			isa = PBXSourcesBuildPhase;
			buildActionMask = 2147483647;
			files = (
				D0DB26FE2560387200504E68 /* ContentView.swift in Sources */,
				D0DB26FC2560387200504E68 /* MarvelCharacters_SwiftUIApp.swift in Sources */,
				D0DB27152560484200504E68 /* BackGroundView.swift in Sources */,
				D0DB2711256047E800504E68 /* HeroView.swift in Sources */,
				D0DB271A25604BB700504E68 /* HeroModel.swift in Sources */,
				D0DB271E25604E6600504E68 /* HeroDetailView.swift in Sources */,
				D0DB272125604FA800504E68 /* ViewModel.swift in Sources */,
			);
			runOnlyForDeploymentPostprocessing = 0;
		};
/* End PBXSourcesBuildPhase section */

/* Begin XCBuildConfiguration section */
		D0DB27052560387200504E68 /* Debug */ = {
			isa = XCBuildConfiguration;
			buildSettings = {
				ALWAYS_SEARCH_USER_PATHS = NO;
				CLANG_ANALYZER_NONNULL = YES;
				CLANG_ANALYZER_NUMBER_OBJECT_CONVERSION = YES_AGGRESSIVE;
				CLANG_CXX_LANGUAGE_STANDARD = "gnu++14";
				CLANG_CXX_LIBRARY = "libc++";
				CLANG_ENABLE_MODULES = YES;
				CLANG_ENABLE_OBJC_ARC = YES;
				CLANG_ENABLE_OBJC_WEAK = YES;
				CLANG_WARN_BLOCK_CAPTURE_AUTORELEASING = YES;
				CLANG_WARN_BOOL_CONVERSION = YES;
				CLANG_WARN_COMMA = YES;
				CLANG_WARN_CONSTANT_CONVERSION = YES;
				CLANG_WARN_DEPRECATED_OBJC_IMPLEMENTATIONS = YES;
				CLANG_WARN_DIRECT_OBJC_ISA_USAGE = YES_ERROR;
				CLANG_WARN_DOCUMENTATION_COMMENTS = YES;
				CLANG_WARN_EMPTY_BODY = YES;
				CLANG_WARN_ENUM_CONVERSION = YES;
				CLANG_WARN_INFINITE_RECURSION = YES;
				CLANG_WARN_INT_CONVERSION = YES;
				CLANG_WARN_NON_LITERAL_NULL_CONVERSION = YES;
				CLANG_WARN_OBJC_IMPLICIT_RETAIN_SELF = YES;
				CLANG_WARN_OBJC_LITERAL_CONVERSION = YES;
				CLANG_WARN_OBJC_ROOT_CLASS = YES_ERROR;
				CLANG_WARN_QUOTED_INCLUDE_IN_FRAMEWORK_HEADER = YES;
				CLANG_WARN_RANGE_LOOP_ANALYSIS = YES;
				CLANG_WARN_STRICT_PROTOTYPES = YES;
				CLANG_WARN_SUSPICIOUS_MOVE = YES;
				CLANG_WARN_UNGUARDED_AVAILABILITY = YES_AGGRESSIVE;
				CLANG_WARN_UNREACHABLE_CODE = YES;
				CLANG_WARN__DUPLICATE_METHOD_MATCH = YES;
				COPY_PHASE_STRIP = NO;
				DEBUG_INFORMATION_FORMAT = dwarf;
				ENABLE_STRICT_OBJC_MSGSEND = YES;
				ENABLE_TESTABILITY = YES;
				GCC_C_LANGUAGE_STANDARD = gnu11;
				GCC_DYNAMIC_NO_PIC = NO;
				GCC_NO_COMMON_BLOCKS = YES;
				GCC_OPTIMIZATION_LEVEL = 0;
				GCC_PREPROCESSOR_DEFINITIONS = (
					"DEBUG=1",
					"$(inherited)",
				);
				GCC_WARN_64_TO_32_BIT_CONVERSION = YES;
				GCC_WARN_ABOUT_RETURN_TYPE = YES_ERROR;
				GCC_WARN_UNDECLARED_SELECTOR = YES;
				GCC_WARN_UNINITIALIZED_AUTOS = YES_AGGRESSIVE;
				GCC_WARN_UNUSED_FUNCTION = YES;
				GCC_WARN_UNUSED_VARIABLE = YES;
				IPHONEOS_DEPLOYMENT_TARGET = 14.2;
				MTL_ENABLE_DEBUG_INFO = INCLUDE_SOURCE;
				MTL_FAST_MATH = YES;
				ONLY_ACTIVE_ARCH = YES;
				SDKROOT = iphoneos;
				SWIFT_ACTIVE_COMPILATION_CONDITIONS = DEBUG;
				SWIFT_OPTIMIZATION_LEVEL = "-Onone";
			};
			name = Debug;
		};
		D0DB27062560387200504E68 /* Release */ = {
			isa = XCBuildConfiguration;
			buildSettings = {
				ALWAYS_SEARCH_USER_PATHS = NO;
				CLANG_ANALYZER_NONNULL = YES;
				CLANG_ANALYZER_NUMBER_OBJECT_CONVERSION = YES_AGGRESSIVE;
				CLANG_CXX_LANGUAGE_STANDARD = "gnu++14";
				CLANG_CXX_LIBRARY = "libc++";
				CLANG_ENABLE_MODULES = YES;
				CLANG_ENABLE_OBJC_ARC = YES;
				CLANG_ENABLE_OBJC_WEAK = YES;
				CLANG_WARN_BLOCK_CAPTURE_AUTORELEASING = YES;
				CLANG_WARN_BOOL_CONVERSION = YES;
				CLANG_WARN_COMMA = YES;
				CLANG_WARN_CONSTANT_CONVERSION = YES;
				CLANG_WARN_DEPRECATED_OBJC_IMPLEMENTATIONS = YES;
				CLANG_WARN_DIRECT_OBJC_ISA_USAGE = YES_ERROR;
				CLANG_WARN_DOCUMENTATION_COMMENTS = YES;
				CLANG_WARN_EMPTY_BODY = YES;
				CLANG_WARN_ENUM_CONVERSION = YES;
				CLANG_WARN_INFINITE_RECURSION = YES;
				CLANG_WARN_INT_CONVERSION = YES;
				CLANG_WARN_NON_LITERAL_NULL_CONVERSION = YES;
				CLANG_WARN_OBJC_IMPLICIT_RETAIN_SELF = YES;
				CLANG_WARN_OBJC_LITERAL_CONVERSION = YES;
				CLANG_WARN_OBJC_ROOT_CLASS = YES_ERROR;
				CLANG_WARN_QUOTED_INCLUDE_IN_FRAMEWORK_HEADER = YES;
				CLANG_WARN_RANGE_LOOP_ANALYSIS = YES;
				CLANG_WARN_STRICT_PROTOTYPES = YES;
				CLANG_WARN_SUSPICIOUS_MOVE = YES;
				CLANG_WARN_UNGUARDED_AVAILABILITY = YES_AGGRESSIVE;
				CLANG_WARN_UNREACHABLE_CODE = YES;
				CLANG_WARN__DUPLICATE_METHOD_MATCH = YES;
				COPY_PHASE_STRIP = NO;
				DEBUG_INFORMATION_FORMAT = "dwarf-with-dsym";
				ENABLE_NS_ASSERTIONS = NO;
				ENABLE_STRICT_OBJC_MSGSEND = YES;
				GCC_C_LANGUAGE_STANDARD = gnu11;
				GCC_NO_COMMON_BLOCKS = YES;
				GCC_WARN_64_TO_32_BIT_CONVERSION = YES;
				GCC_WARN_ABOUT_RETURN_TYPE = YES_ERROR;
				GCC_WARN_UNDECLARED_SELECTOR = YES;
				GCC_WARN_UNINITIALIZED_AUTOS = YES_AGGRESSIVE;
				GCC_WARN_UNUSED_FUNCTION = YES;
				GCC_WARN_UNUSED_VARIABLE = YES;
				IPHONEOS_DEPLOYMENT_TARGET = 14.2;
				MTL_ENABLE_DEBUG_INFO = NO;
				MTL_FAST_MATH = YES;
				SDKROOT = iphoneos;
				SWIFT_COMPILATION_MODE = wholemodule;
				SWIFT_OPTIMIZATION_LEVEL = "-O";
				VALIDATE_PRODUCT = YES;
			};
			name = Release;
		};
		D0DB27082560387200504E68 /* Debug */ = {
			isa = XCBuildConfiguration;
			buildSettings = {
				ASSETCATALOG_COMPILER_APPICON_NAME = AppIcon;
				ASSETCATALOG_COMPILER_GLOBAL_ACCENT_COLOR_NAME = AccentColor;
				CODE_SIGN_STYLE = Automatic;
				DEVELOPMENT_ASSET_PATHS = "\"MarvelCharacters_SwiftUI/Preview Content\"";
				DEVELOPMENT_TEAM = 6257XTCRBF;
				ENABLE_PREVIEWS = YES;
				INFOPLIST_FILE = MarvelCharacters_SwiftUI/Info.plist;
				IPHONEOS_DEPLOYMENT_TARGET = 14.0;
				LD_RUNPATH_SEARCH_PATHS = (
					"$(inherited)",
					"@executable_path/Frameworks",
				);
				PRODUCT_BUNDLE_IDENTIFIER = "com.Alphonso.Sensley.MarvelCharacters-SwiftUI";
				PRODUCT_NAME = "$(TARGET_NAME)";
				SWIFT_VERSION = 5.0;
				TARGETED_DEVICE_FAMILY = "1,2";
			};
			name = Debug;
		};
		D0DB27092560387200504E68 /* Release */ = {
			isa = XCBuildConfiguration;
			buildSettings = {
				ASSETCATALOG_COMPILER_APPICON_NAME = AppIcon;
				ASSETCATALOG_COMPILER_GLOBAL_ACCENT_COLOR_NAME = AccentColor;
				CODE_SIGN_STYLE = Automatic;
				DEVELOPMENT_ASSET_PATHS = "\"MarvelCharacters_SwiftUI/Preview Content\"";
				DEVELOPMENT_TEAM = 6257XTCRBF;
				ENABLE_PREVIEWS = YES;
				INFOPLIST_FILE = MarvelCharacters_SwiftUI/Info.plist;
				IPHONEOS_DEPLOYMENT_TARGET = 14.0;
				LD_RUNPATH_SEARCH_PATHS = (
					"$(inherited)",
					"@executable_path/Frameworks",
				);
				PRODUCT_BUNDLE_IDENTIFIER = "com.Alphonso.Sensley.MarvelCharacters-SwiftUI";
				PRODUCT_NAME = "$(TARGET_NAME)";
				SWIFT_VERSION = 5.0;
				TARGETED_DEVICE_FAMILY = "1,2";
			};
			name = Release;
		};
/* End XCBuildConfiguration section */

/* Begin XCConfigurationList section */
		D0DB26F32560387200504E68 /* Build configuration list for PBXProject "MarvelCharacters_SwiftUI" */ = {
			isa = XCConfigurationList;
			buildConfigurations = (
				D0DB27052560387200504E68 /* Debug */,
				D0DB27062560387200504E68 /* Release */,
			);
			defaultConfigurationIsVisible = 0;
			defaultConfigurationName = Release;
		};
		D0DB27072560387200504E68 /* Build configuration list for PBXNativeTarget "MarvelCharacters_SwiftUI" */ = {
			isa = XCConfigurationList;
			buildConfigurations = (
				D0DB27082560387200504E68 /* Debug */,
				D0DB27092560387200504E68 /* Release */,
			);
			defaultConfigurationIsVisible = 0;
			defaultConfigurationName = Release;
		};
/* End XCConfigurationList section */
	};
	rootObject = D0DB26F02560387200504E68 /* Project object */;
}
